Microsoft Visual Studio Solution File, Format Version 12.00
# Visual Studio Version 17
VisualStudioVersion = 17.5.2.0
MinimumVisualStudioVersion = 10.0.40219.1
Project("{2150E333-8FDC-42A3-9474-1A3956D46DE8}") = "assignment-project.web-main", "assignment-project.web-main", "{5210C3BA-080E-BB8D-38AD-5AFE667EBF4C}"
EndProject
Project("{FAE04EC0-301F-11D3-BF4B-00C04F79EFBC}") = "WebApplication1", "assignment-project.web-main\WebApplication1.csproj", "{3829BB52-0C62-20AE-3B82-298D08E5DFF5}"
EndProject
Global
	GlobalSection(SolutionConfigurationPlatforms) = preSolution
		Debug|Any CPU = Debug|Any CPU
		Release|Any CPU = Release|Any CPU
	EndGlobalSection
	GlobalSection(ProjectConfigurationPlatforms) = postSolution
		{3829BB52-0C62-20AE-3B82-298D08E5DFF5}.Debug|Any CPU.ActiveCfg = Debug|Any CPU
		{3829BB52-0C62-20AE-3B82-298D08E5DFF5}.Debug|Any CPU.Build.0 = Debug|Any CPU
		{3829BB52-0C62-20AE-3B82-298D08E5DFF5}.Release|Any CPU.ActiveCfg = Release|Any CPU
		{3829BB52-0C62-20AE-3B82-298D08E5DFF5}.Release|Any CPU.Build.0 = Release|Any CPU
	EndGlobalSection
	GlobalSection(SolutionProperties) = preSolution
		HideSolutionNode = FALSE
	EndGlobalSection
	GlobalSection(NestedProjects) = preSolution
		{3829BB52-0C62-20AE-3B82-298D08E5DFF5} = {5210C3BA-080E-BB8D-38AD-5AFE667EBF4C}
	EndGlobalSection
	GlobalSection(ExtensibilityGlobals) = postSolution
		SolutionGuid = {95DC6ACC-55BD-4E66-81F0-381AFAD25541}
	EndGlobalSection
EndGlobal
